# @generated - this file is auto-generated by `mise lock` https://mise.jdx.dev/dev-tools/mise-lock.html

[[tools.actionlint]]
version = "1.7.12"
backend = "aqua:rhysd/actionlint"

[tools.actionlint."platforms.linux-arm64"]
checksum = "sha256:325e971b6ba9bfa504672e29be93c24981eeb1c07576d730e9f7c8805afff0c6"
url = "https://github.com/rhysd/actionlint/releases/download/v1.7.12/actionlint_1.7.12_linux_arm64.tar.gz"
url_api = "https://api.github.com/repos/rhysd/actionlint/releases/assets/384924897"
provenance = "github-attestations"

[tools.actionlint."platforms.linux-arm64-musl"]
checksum = "sha256:325e971b6ba9bfa504672e29be93c24981eeb1c07576d730e9f7c8805afff0c6"
url = "https://github.com/rhysd/actionlint/releases/download/v1.7.12/actionlint_1.7.12_linux_arm64.tar.gz"
url_api = "https://api.github.com/repos/rhysd/actionlint/releases/assets/384924897"
provenance = "github-attestations"

[tools.actionlint."platforms.linux-x64"]
checksum = "sha256:8aca8db96f1b94770f1b0d72b6dddcb1ebb8123cb3712530b08cc387b349a3d8"
url = "https://github.com/rhysd/actionlint/releases/download/v1.7.12/actionlint_1.7.12_linux_amd64.tar.gz"
url_api = "https://api.github.com/repos/rhysd/actionlint/releases/assets/384924896"
provenance = "github-attestations"

[tools.actionlint."platforms.linux-x64-musl"]
checksum = "sha256:8aca8db96f1b94770f1b0d72b6dddcb1ebb8123cb3712530b08cc387b349a3d8"
url = "https://github.com/rhysd/actionlint/releases/download/v1.7.12/actionlint_1.7.12_linux_amd64.tar.gz"
url_api = "https://api.github.com/repos/rhysd/actionlint/releases/assets/384924896"
provenance = "github-attestations"

[tools.actionlint."platforms.macos-arm64"]
checksum = "sha256:aba9ced2dee8d27fecca3dc7feb1a7f9a52caefa1eb46f3271ea66b6e0e6953f"
url = "https://github.com/rhysd/actionlint/releases/download/v1.7.12/actionlint_1.7.12_darwin_arm64.tar.gz"
url_api = "https://api.github.com/repos/rhysd/actionlint/releases/assets/384924893"
provenance = "github-attestations"

[tools.actionlint."platforms.macos-x64"]
checksum = "sha256:5b44c3bc2255115c9b69e30efc0fecdf498fdb63c5d58e17084fd5f16324c644"
url = "https://github.com/rhysd/actionlint/releases/download/v1.7.12/actionlint_1.7.12_darwin_amd64.tar.gz"
url_api = "https://api.github.com/repos/rhysd/actionlint/releases/assets/384924880"
provenance = "github-attestations"

[tools.actionlint."platforms.windows-x64"]
checksum = "sha256:6e7241b51e6817ea6a047693d8e6fed13b31819c9a0dd6c5a726e1592d22f6e9"
url = "https://github.com/rhysd/actionlint/releases/download/v1.7.12/actionlint_1.7.12_windows_amd64.zip"
url_api = "https://api.github.com/repos/rhysd/actionlint/releases/assets/384924919"
provenance = "github-attestations"

[[tools."aqua:securego/gosec"]]
version = "2.28.0"
backend = "aqua:securego/gosec"

[tools."aqua:securego/gosec"."platforms.linux-arm64"]
checksum = "sha256:63259681b6e4b9e7a24d4e187b485e75d3844d28d512b0c97dc831e51d374720"
url = "https://github.com/securego/gosec/releases/download/v2.28.0/gosec_2.28.0_linux_arm64.tar.gz"
url_api = "https://api.github.com/repos/securego/gosec/releases/assets/476623278"

[tools."aqua:securego/gosec"."platforms.linux-arm64-musl"]
checksum = "sha256:63259681b6e4b9e7a24d4e187b485e75d3844d28d512b0c97dc831e51d374720"
url = "https://github.com/securego/gosec/releases/download/v2.28.0/gosec_2.28.0_linux_arm64.tar.gz"
url_api = "https://api.github.com/repos/securego/gosec/releases/assets/476623278"

[tools."aqua:securego/gosec"."platforms.linux-x64"]
checksum = "sha256:d7882e505b1ff345d458bf0e893eec8019bc849f861ad73a212869540dd505ff"
url = "https://github.com/securego/gosec/releases/download/v2.28.0/gosec_2.28.0_linux_amd64.tar.gz"
url_api = "https://api.github.com/repos/securego/gosec/releases/assets/476623275"

[tools."aqua:securego/gosec"."platforms.linux-x64-musl"]
checksum = "sha256:d7882e505b1ff345d458bf0e893eec8019bc849f861ad73a212869540dd505ff"
url = "https://github.com/securego/gosec/releases/download/v2.28.0/gosec_2.28.0_linux_amd64.tar.gz"
url_api = "https://api.github.com/repos/securego/gosec/releases/assets/476623275"

[tools."aqua:securego/gosec"."platforms.macos-arm64"]
checksum = "sha256:6c4993a0ab5e3007d66c87cbcb4e3948f8000971f8eeaf3ac269cbc87a603ba4"
url = "https://github.com/securego/gosec/releases/download/v2.28.0/gosec_2.28.0_darwin_arm64.tar.gz"
url_api = "https://api.github.com/repos/securego/gosec/releases/assets/476623280"

[tools."aqua:securego/gosec"."platforms.macos-x64"]
checksum = "sha256:ad23af3a6bfef8112a2da386acd61ede1374c8d022c06d8ef130ccf9748311d4"
url = "https://github.com/securego/gosec/releases/download/v2.28.0/gosec_2.28.0_darwin_amd64.tar.gz"
url_api = "https://api.github.com/repos/securego/gosec/releases/assets/476623279"

[tools."aqua:securego/gosec"."platforms.windows-x64"]
checksum = "sha256:12216d53e57b4dbe1ce77acd7422e338ae5e76eaafe37e9a845d309256b14729"
url = "https://github.com/securego/gosec/releases/download/v2.28.0/gosec_2.28.0_windows_amd64.tar.gz"
url_api = "https://api.github.com/repos/securego/gosec/releases/assets/476623232"

[[tools.checkov]]
version = "3.3.15"
backend = "aqua:bridgecrewio/checkov"

[tools.checkov."platforms.linux-arm64"]
checksum = "sha256:7fe9481bff90731f1cec68a1ab37f4f95fb822a970ca4f5094ed52cb0fe4fb8e"
url = "https://github.com/bridgecrewio/checkov/releases/download/3.3.15/checkov_linux_arm64.zip"
url_api = "https://api.github.com/repos/bridgecrewio/checkov/releases/assets/532982095"

[tools.checkov."platforms.linux-arm64-musl"]
checksum = "sha256:7fe9481bff90731f1cec68a1ab37f4f95fb822a970ca4f5094ed52cb0fe4fb8e"
url = "https://github.com/bridgecrewio/checkov/releases/download/3.3.15/checkov_linux_arm64.zip"
url_api = "https://api.github.com/repos/bridgecrewio/checkov/releases/assets/532982095"

[tools.checkov."platforms.linux-x64"]
checksum = "sha256:c1cc66e0e2d147fb8b0a0c23bd6744e6eb2516ce348ab3160a7cd87b272ec998"
url = "https://github.com/bridgecrewio/checkov/releases/download/3.3.15/checkov_linux_X86_64.zip"
url_api = "https://api.github.com/repos/bridgecrewio/checkov/releases/assets/531505389"

[tools.checkov."platforms.linux-x64-musl"]
checksum = "sha256:c1cc66e0e2d147fb8b0a0c23bd6744e6eb2516ce348ab3160a7cd87b272ec998"
url = "https://github.com/bridgecrewio/checkov/releases/download/3.3.15/checkov_linux_X86_64.zip"
url_api = "https://api.github.com/repos/bridgecrewio/checkov/releases/assets/531505389"

[tools.checkov."platforms.macos-arm64"]
checksum = "sha256:9e1f0c27294acbf4b010801889179520b9cfdff8a0ea1fb943665b3d983ddb68"
url = "https://github.com/bridgecrewio/checkov/releases/download/3.3.15/checkov_darwin_X86_64.zip"
url_api = "https://api.github.com/repos/bridgecrewio/checkov/releases/assets/531505855"

[tools.checkov."platforms.macos-x64"]
checksum = "sha256:9e1f0c27294acbf4b010801889179520b9cfdff8a0ea1fb943665b3d983ddb68"
url = "https://github.com/bridgecrewio/checkov/releases/download/3.3.15/checkov_darwin_X86_64.zip"
url_api = "https://api.github.com/repos/bridgecrewio/checkov/releases/assets/531505855"

[tools.checkov."platforms.windows-x64"]
checksum = "sha256:efea79c8602936182d7dfcf1ff37a0c8eec153b6631e3294b415297a649d3bfc"
url = "https://github.com/bridgecrewio/checkov/releases/download/3.3.15/checkov_windows_X86_64.zip"
url_api = "https://api.github.com/repos/bridgecrewio/checkov/releases/assets/531506928"

[[tools.cosign]]
version = "2.6.5"
backend = "aqua:sigstore/cosign"

[tools.cosign."platforms.linux-arm64"]
checksum = "sha256:426193b4c5da4d4d643e822f48fe0cc8a476ca1782a272704831f5a0cef716d7"
url = "https://github.com/sigstore/cosign/releases/download/v2.6.5/cosign-linux-arm64"
url_api = "https://api.github.com/repos/sigstore/cosign/releases/assets/503259219"

[tools.cosign."platforms.linux-arm64-musl"]
checksum = "sha256:426193b4c5da4d4d643e822f48fe0cc8a476ca1782a272704831f5a0cef716d7"
url = "https://github.com/sigstore/cosign/releases/download/v2.6.5/cosign-linux-arm64"
url_api = "https://api.github.com/repos/sigstore/cosign/releases/assets/503259219"

[tools.cosign."platforms.linux-x64"]
checksum = "sha256:c3b4f5410e608af03a5eb0aaac84a4313d8da131248e08ff1759ac70c79d1644"
url = "https://github.com/sigstore/cosign/releases/download/v2.6.5/cosign-linux-amd64"
url_api = "https://api.github.com/repos/sigstore/cosign/releases/assets/503259054"

[tools.cosign."platforms.linux-x64-musl"]
checksum = "sha256:c3b4f5410e608af03a5eb0aaac84a4313d8da131248e08ff1759ac70c79d1644"
url = "https://github.com/sigstore/cosign/releases/download/v2.6.5/cosign-linux-amd64"
url_api = "https://api.github.com/repos/sigstore/cosign/releases/assets/503259054"

[tools.cosign."platforms.macos-arm64"]
checksum = "sha256:4d41cc18f0563907c0c785b51db76e1d1af10db4422b605ba876b1758e1771ab"
url = "https://github.com/sigstore/cosign/releases/download/v2.6.5/cosign-darwin-arm64"
url_api = "https://api.github.com/repos/sigstore/cosign/releases/assets/503258807"

[tools.cosign."platforms.macos-x64"]
checksum = "sha256:0f8a1a70c81de9740a2b62e91307ff396ce54e7dd80568d42411bb2d9d44269c"
url = "https://github.com/sigstore/cosign/releases/download/v2.6.5/cosign-darwin-amd64"
url_api = "https://api.github.com/repos/sigstore/cosign/releases/assets/503258707"

[tools.cosign."platforms.windows-x64"]
checksum = "sha256:19ec346d0050f59ffad9694da97ef9704be34ec60ddc41c5f1d16d8619385825"
url = "https://github.com/sigstore/cosign/releases/download/v2.6.5/cosign-windows-amd64.exe"
url_api = "https://api.github.com/repos/sigstore/cosign/releases/assets/503258915"

[[tools."github:securego/gosec"]]
version = "2.28.0"
backend = "github:securego/gosec"

[tools."github:securego/gosec"."platforms.linux-arm64"]
checksum = "sha256:63259681b6e4b9e7a24d4e187b485e75d3844d28d512b0c97dc831e51d374720"
url = "https://github.com/securego/gosec/releases/download/v2.28.0/gosec_2.28.0_linux_arm64.tar.gz"
url_api = "https://api.github.com/repos/securego/gosec/releases/assets/476623278"
provenance = "github-attestations"

[tools."github:securego/gosec"."platforms.linux-arm64-musl"]
checksum = "sha256:63259681b6e4b9e7a24d4e187b485e75d3844d28d512b0c97dc831e51d374720"
url = "https://github.com/securego/gosec/releases/download/v2.28.0/gosec_2.28.0_linux_arm64.tar.gz"
url_api = "https://api.github.com/repos/securego/gosec/releases/assets/476623278"
provenance = "github-attestations"

[tools."github:securego/gosec"."platforms.linux-x64"]
checksum = "sha256:d7882e505b1ff345d458bf0e893eec8019bc849f861ad73a212869540dd505ff"
url = "https://github.com/securego/gosec/releases/download/v2.28.0/gosec_2.28.0_linux_amd64.tar.gz"
url_api = "https://api.github.com/repos/securego/gosec/releases/assets/476623275"
provenance = "github-attestations"
provenance_verified = true

[tools."github:securego/gosec"."platforms.linux-x64-musl"]
checksum = "sha256:d7882e505b1ff345d458bf0e893eec8019bc849f861ad73a212869540dd505ff"
url = "https://github.com/securego/gosec/releases/download/v2.28.0/gosec_2.28.0_linux_amd64.tar.gz"
url_api = "https://api.github.com/repos/securego/gosec/releases/assets/476623275"
provenance = "github-attestations"

[tools."github:securego/gosec"."platforms.macos-arm64"]
checksum = "sha256:6c4993a0ab5e3007d66c87cbcb4e3948f8000971f8eeaf3ac269cbc87a603ba4"
url = "https://github.com/securego/gosec/releases/download/v2.28.0/gosec_2.28.0_darwin_arm64.tar.gz"
url_api = "https://api.github.com/repos/securego/gosec/releases/assets/476623280"
provenance = "github-attestations"

[tools."github:securego/gosec"."platforms.macos-x64"]
checksum = "sha256:ad23af3a6bfef8112a2da386acd61ede1374c8d022c06d8ef130ccf9748311d4"
url = "https://github.com/securego/gosec/releases/download/v2.28.0/gosec_2.28.0_darwin_amd64.tar.gz"
url_api = "https://api.github.com/repos/securego/gosec/releases/assets/476623279"
provenance = "github-attestations"

[tools."github:securego/gosec"."platforms.windows-x64"]
checksum = "sha256:12216d53e57b4dbe1ce77acd7422e338ae5e76eaafe37e9a845d309256b14729"
url = "https://github.com/securego/gosec/releases/download/v2.28.0/gosec_2.28.0_windows_amd64.tar.gz"
url_api = "https://api.github.com/repos/securego/gosec/releases/assets/476623232"
provenance = "github-attestations"

[[tools.go]]
version = "1.27.0"
backend = "core:go"

[tools.go."platforms.linux-arm64"]
checksum = "sha256:51798d2c42d0e1c6ed7fd9f48728b4193abac9e8aad6dbac2fe96a81f5909bda"
url = "https://dl.google.com/go/go1.27.0.linux-arm64.tar.gz"

[tools.go."platforms.linux-arm64-musl"]
checksum = "sha256:51798d2c42d0e1c6ed7fd9f48728b4193abac9e8aad6dbac2fe96a81f5909bda"
url = "https://dl.google.com/go/go1.27.0.linux-arm64.tar.gz"

[tools.go."platforms.linux-x64"]
checksum = "sha256:675c26c449cbb18fc24b74650de1eabbae6e16f64326fd85a283fb3b58280685"
url = "https://dl.google.com/go/go1.27.0.linux-amd64.tar.gz"

[tools.go."platforms.linux-x64-musl"]
checksum = "sha256:675c26c449cbb18fc24b74650de1eabbae6e16f64326fd85a283fb3b58280685"
url = "https://dl.google.com/go/go1.27.0.linux-amd64.tar.gz"

[tools.go."platforms.macos-arm64"]
checksum = "sha256:90493b3bbd5e10f91d12153198bf1994fd756399b4fec93b49b0c6e2acdeeb3e"
url = "https://dl.google.com/go/go1.27.0.darwin-arm64.tar.gz"

[tools.go."platforms.macos-x64"]
checksum = "sha256:d3314e25496e4381d71a5c51d2907e7af655d199f6780b549f015bd85fef4986"
url = "https://dl.google.com/go/go1.27.0.darwin-amd64.tar.gz"

[tools.go."platforms.windows-x64"]
checksum = "sha256:f0c0a0d33ba94f4d2c5dbc887334ce678b21813504ddb3aafcb06e60a5a667c4"
url = "https://dl.google.com/go/go1.27.0.windows-amd64.zip"

[[tools."go:golang.org/x/tools/cmd/goimports"]]
version = "0.49.0"
backend = "go:golang.org/x/tools/cmd/goimports"

[[tools."go:golang.org/x/vuln/cmd/govulncheck"]]
version = "1.7.0"
backend = "go:golang.org/x/vuln/cmd/govulncheck"

[[tools.golangci-lint]]
version = "2.13.1"
backend = "aqua:golangci/golangci-lint"

[tools.golangci-lint."platforms.linux-arm64"]
checksum = "sha256:908317c23db18448f924e853b3d8a659fd919614cd438f224810a4053daa2607"
url = "https://github.com/golangci/golangci-lint/releases/download/v2.13.1/golangci-lint-2.13.1-linux-arm64.tar.gz"
url_api = "https://api.github.com/repos/golangci/golangci-lint/releases/assets/522396912"
provenance = "github-attestations"

[tools.golangci-lint."platforms.linux-arm64-musl"]
checksum = "sha256:908317c23db18448f924e853b3d8a659fd919614cd438f224810a4053daa2607"
url = "https://github.com/golangci/golangci-lint/releases/download/v2.13.1/golangci-lint-2.13.1-linux-arm64.tar.gz"
url_api = "https://api.github.com/repos/golangci/golangci-lint/releases/assets/522396912"
provenance = "github-attestations"

[tools.golangci-lint."platforms.linux-x64"]
checksum = "sha256:b17bfbc9d4aaa48be7f4f1ce3240bc3d8200c870c072bacf15c26219e2cfb9cc"
url = "https://github.com/golangci/golangci-lint/releases/download/v2.13.1/golangci-lint-2.13.1-linux-amd64.tar.gz"
url_api = "https://api.github.com/repos/golangci/golangci-lint/releases/assets/522396872"
provenance = "github-attestations"

[tools.golangci-lint."platforms.linux-x64-musl"]
checksum = "sha256:b17bfbc9d4aaa48be7f4f1ce3240bc3d8200c870c072bacf15c26219e2cfb9cc"
url = "https://github.com/golangci/golangci-lint/releases/download/v2.13.1/golangci-lint-2.13.1-linux-amd64.tar.gz"
url_api = "https://api.github.com/repos/golangci/golangci-lint/releases/assets/522396872"
provenance = "github-attestations"

[tools.golangci-lint."platforms.macos-arm64"]
checksum = "sha256:0c9818baf6fb8ad26c6d2ef51b68d5a1e260ef07727036b1431647cc44637c7c"
url = "https://github.com/golangci/golangci-lint/releases/download/v2.13.1/golangci-lint-2.13.1-darwin-arm64.tar.gz"
url_api = "https://api.github.com/repos/golangci/golangci-lint/releases/assets/522396798"
provenance = "github-attestations"

[tools.golangci-lint."platforms.macos-x64"]
checksum = "sha256:2c373363953e4e0bee2a03b7fe864a5eb6a3822927cb077d9ca33f2ae3cb2da2"
url = "https://github.com/golangci/golangci-lint/releases/download/v2.13.1/golangci-lint-2.13.1-darwin-amd64.tar.gz"
url_api = "https://api.github.com/repos/golangci/golangci-lint/releases/assets/522396867"
provenance = "github-attestations"

[tools.golangci-lint."platforms.windows-x64"]
checksum = "sha256:cc119bdd57d2b35ce36fbc174b54949e1a1e45f2cadaf64372cc799cabaf88a9"
url = "https://github.com/golangci/golangci-lint/releases/download/v2.13.1/golangci-lint-2.13.1-windows-amd64.zip"
url_api = "https://api.github.com/repos/golangci/golangci-lint/releases/assets/522396821"
provenance = "github-attestations"

[[tools.goreleaser]]
version = "2.18.0"
backend = "aqua:goreleaser/goreleaser"

[tools.goreleaser."platforms.linux-arm64"]
checksum = "sha256:1975566c9668e6f4247e6bb57656f21da13635c24d948ef47b1232e5c864a35b"
url = "https://github.com/goreleaser/goreleaser/releases/download/v2.18.0/goreleaser_Linux_arm64.tar.gz"
url_api = "https://api.github.com/repos/goreleaser/goreleaser/releases/assets/526873789"
provenance = "github-attestations"

[tools.goreleaser."platforms.linux-arm64-musl"]
checksum = "sha256:1975566c9668e6f4247e6bb57656f21da13635c24d948ef47b1232e5c864a35b"
url = "https://github.com/goreleaser/goreleaser/releases/download/v2.18.0/goreleaser_Linux_arm64.tar.gz"
url_api = "https://api.github.com/repos/goreleaser/goreleaser/releases/assets/526873789"
provenance = "github-attestations"

[tools.goreleaser."platforms.linux-x64"]
checksum = "sha256:41cdf49b653784b03a08013dd99e382cd5d463049e915c2d818eaed182ae6197"
url = "https://github.com/goreleaser/goreleaser/releases/download/v2.18.0/goreleaser_Linux_x86_64.tar.gz"
url_api = "https://api.github.com/repos/goreleaser/goreleaser/releases/assets/526873785"
provenance = "github-attestations"

[tools.goreleaser."platforms.linux-x64-musl"]
checksum = "sha256:41cdf49b653784b03a08013dd99e382cd5d463049e915c2d818eaed182ae6197"
url = "https://github.com/goreleaser/goreleaser/releases/download/v2.18.0/goreleaser_Linux_x86_64.tar.gz"
url_api = "https://api.github.com/repos/goreleaser/goreleaser/releases/assets/526873785"
provenance = "github-attestations"

[tools.goreleaser."platforms.macos-arm64"]
checksum = "sha256:285abb188274f3eebffb97fcd17a7d25f109fe33e234597c393e78e869386d5c"
url = "https://github.com/goreleaser/goreleaser/releases/download/v2.18.0/goreleaser_Darwin_all.tar.gz"
url_api = "https://api.github.com/repos/goreleaser/goreleaser/releases/assets/526873866"
provenance = "github-attestations"

[tools.goreleaser."platforms.macos-x64"]
checksum = "sha256:285abb188274f3eebffb97fcd17a7d25f109fe33e234597c393e78e869386d5c"
url = "https://github.com/goreleaser/goreleaser/releases/download/v2.18.0/goreleaser_Darwin_all.tar.gz"
url_api = "https://api.github.com/repos/goreleaser/goreleaser/releases/assets/526873866"
provenance = "github-attestations"

[tools.goreleaser."platforms.windows-x64"]
checksum = "sha256:cbd0aeab833806b6c07e2d156c2c9baaffa6e3d1fb870071bf3efc9d9e5b4777"
url = "https://github.com/goreleaser/goreleaser/releases/download/v2.18.0/goreleaser_Windows_x86_64.zip"
url_api = "https://api.github.com/repos/goreleaser/goreleaser/releases/assets/526873786"
provenance = "github-attestations"

[[tools.just]]
version = "1.58.0"
backend = "aqua:casey/just"

[tools.just."platforms.linux-arm64"]
checksum = "sha256:748237128c4c40cbdabc65e841d05ceba13cc23a91eaba395495894c1d9764df"
url = "https://github.com/casey/just/releases/download/1.58.0/just-1.58.0-aarch64-unknown-linux-musl.tar.gz"
url_api = "https://api.github.com/repos/casey/just/releases/assets/500510099"

[tools.just."platforms.linux-arm64-musl"]
checksum = "sha256:748237128c4c40cbdabc65e841d05ceba13cc23a91eaba395495894c1d9764df"
url = "https://github.com/casey/just/releases/download/1.58.0/just-1.58.0-aarch64-unknown-linux-musl.tar.gz"
url_api = "https://api.github.com/repos/casey/just/releases/assets/500510099"

[tools.just."platforms.linux-x64"]
checksum = "sha256:4a5cc2f53e6f0f8c59092a6cc38291eb729d46a7dd95d3ae582008881b84931d"
url = "https://github.com/casey/just/releases/download/1.58.0/just-1.58.0-x86_64-unknown-linux-musl.tar.gz"
url_api = "https://api.github.com/repos/casey/just/releases/assets/500509978"

[tools.just."platforms.linux-x64-musl"]
checksum = "sha256:4a5cc2f53e6f0f8c59092a6cc38291eb729d46a7dd95d3ae582008881b84931d"
url = "https://github.com/casey/just/releases/download/1.58.0/just-1.58.0-x86_64-unknown-linux-musl.tar.gz"
url_api = "https://api.github.com/repos/casey/just/releases/assets/500509978"

[tools.just."platforms.macos-arm64"]
checksum = "sha256:50ae3e996c974a0bf32ea7d10f495070df33f1b43e0616b2769e3d4821ed8f48"
url = "https://github.com/casey/just/releases/download/1.58.0/just-1.58.0-aarch64-apple-darwin.tar.gz"
url_api = "https://api.github.com/repos/casey/just/releases/assets/500509965"

[tools.just."platforms.macos-x64"]
checksum = "sha256:9a09cfef66aaa79da58203970103a0684307716caaabd3e9844cacc4dc0f4023"
url = "https://github.com/casey/just/releases/download/1.58.0/just-1.58.0-x86_64-apple-darwin.tar.gz"
url_api = "https://api.github.com/repos/casey/just/releases/assets/500510084"

[tools.just."platforms.windows-x64"]
checksum = "sha256:759f16fb7aa17c5c8b9594b6d4a8c1a6630dfd042cf2b3ff84841454d3d188dc"
url = "https://github.com/casey/just/releases/download/1.58.0/just-1.58.0-x86_64-pc-windows-msvc.zip"
url_api = "https://api.github.com/repos/casey/just/releases/assets/500511374"

[[tools."npm:markdownlint-cli"]]
version = "0.49.1"
backend = "npm:markdownlint-cli"

[[tools.prek]]
version = "0.5.0"
backend = "aqua:j178/prek"

[tools.prek."platforms.linux-arm64"]
checksum = "sha256:c8748e2e33b3bcf43713842565c51fc56b49c00b570f30c5cfbb7af428bfa780"
url = "https://github.com/j178/prek/releases/download/v0.5.0/prek-aarch64-unknown-linux-gnu.tar.gz"
url_api = "https://api.github.com/repos/j178/prek/releases/assets/531708943"
provenance = "github-attestations"

[tools.prek."platforms.linux-arm64-musl"]
checksum = "sha256:6a48bc5de0b134e1ecbd469714bdf88fc83b7895529d59f95303e839241473c2"
url = "https://github.com/j178/prek/releases/download/v0.5.0/prek-aarch64-unknown-linux-musl.tar.gz"
url_api = "https://api.github.com/repos/j178/prek/releases/assets/531708946"
provenance = "github-attestations"

[tools.prek."platforms.linux-x64"]
checksum = "sha256:b9b97fec40013d096a3a4f3914b8d7d467758eab923917cb43302c0219600997"
url = "https://github.com/j178/prek/releases/download/v0.5.0/prek-x86_64-unknown-linux-gnu.tar.gz"
url_api = "https://api.github.com/repos/j178/prek/releases/assets/531708995"
provenance = "github-attestations"

[tools.prek."platforms.linux-x64-musl"]
checksum = "sha256:99531890378759c04d38a93804d502d7df8a5c4bfb24c3e98af3031e868b9ba1"
url = "https://github.com/j178/prek/releases/download/v0.5.0/prek-x86_64-unknown-linux-musl.tar.gz"
url_api = "https://api.github.com/repos/j178/prek/releases/assets/531709001"
provenance = "github-attestations"

[tools.prek."platforms.macos-arm64"]
checksum = "sha256:73947efd142420dc1ad2856d155385b3fd54b88ba8bb769187dc8b359cc94681"
url = "https://github.com/j178/prek/releases/download/v0.5.0/prek-aarch64-apple-darwin.tar.gz"
url_api = "https://api.github.com/repos/j178/prek/releases/assets/531708937"
provenance = "github-attestations"

[tools.prek."platforms.macos-x64"]
checksum = "sha256:da5cdb10ca7821ed15c888d2a9b2ae94a6d4f7eadf1bc735ac1f668dec40654e"
url = "https://github.com/j178/prek/releases/download/v0.5.0/prek-x86_64-apple-darwin.tar.gz"
url_api = "https://api.github.com/repos/j178/prek/releases/assets/531708989"
provenance = "github-attestations"

[tools.prek."platforms.windows-x64"]
checksum = "sha256:3b1704f9c44d2a5f29af84c18dc5529c2cefab75697bdfdf69074cced1c0533b"
url = "https://github.com/j178/prek/releases/download/v0.5.0/prek-x86_64-pc-windows-msvc.zip"
url_api = "https://api.github.com/repos/j178/prek/releases/assets/531708991"
provenance = "github-attestations"

[[tools.shellcheck]]
version = "0.11.0"
backend = "aqua:koalaman/shellcheck"

[tools.shellcheck."platforms.linux-arm64"]
checksum = "sha256:12b331c1d2db6b9eb13cfca64306b1b157a86eb69db83023e261eaa7e7c14588"
url = "https://github.com/koalaman/shellcheck/releases/download/v0.11.0/shellcheck-v0.11.0.linux.aarch64.tar.xz"
url_api = "https://api.github.com/repos/koalaman/shellcheck/releases/assets/279056934"

[tools.shellcheck."platforms.linux-arm64-musl"]
checksum = "sha256:12b331c1d2db6b9eb13cfca64306b1b157a86eb69db83023e261eaa7e7c14588"
url = "https://github.com/koalaman/shellcheck/releases/download/v0.11.0/shellcheck-v0.11.0.linux.aarch64.tar.xz"
url_api = "https://api.github.com/repos/koalaman/shellcheck/releases/assets/279056934"

[tools.shellcheck."platforms.linux-x64"]
checksum = "sha256:8c3be12b05d5c177a04c29e3c78ce89ac86f1595681cab149b65b97c4e227198"
url = "https://github.com/koalaman/shellcheck/releases/download/v0.11.0/shellcheck-v0.11.0.linux.x86_64.tar.xz"
url_api = "https://api.github.com/repos/koalaman/shellcheck/releases/assets/279056942"

[tools.shellcheck."platforms.linux-x64-musl"]
checksum = "sha256:8c3be12b05d5c177a04c29e3c78ce89ac86f1595681cab149b65b97c4e227198"
url = "https://github.com/koalaman/shellcheck/releases/download/v0.11.0/shellcheck-v0.11.0.linux.x86_64.tar.xz"
url_api = "https://api.github.com/repos/koalaman/shellcheck/releases/assets/279056942"

[tools.shellcheck."platforms.macos-arm64"]
checksum = "sha256:56affdd8de5527894dca6dc3d7e0a99a873b0f004d7aabc30ae407d3f48b0a79"
url = "https://github.com/koalaman/shellcheck/releases/download/v0.11.0/shellcheck-v0.11.0.darwin.aarch64.tar.xz"
url_api = "https://api.github.com/repos/koalaman/shellcheck/releases/assets/279056932"

[tools.shellcheck."platforms.macos-x64"]
checksum = "sha256:3c89db4edcab7cf1c27bff178882e0f6f27f7afdf54e859fa041fca10febe4c6"
url = "https://github.com/koalaman/shellcheck/releases/download/v0.11.0/shellcheck-v0.11.0.darwin.x86_64.tar.xz"
url_api = "https://api.github.com/repos/koalaman/shellcheck/releases/assets/279056930"

[tools.shellcheck."platforms.windows-x64"]
checksum = "sha256:8a4e35ab0b331c85d73567b12f2a444df187f483e5079ceffa6bda1faa2e740e"
url = "https://github.com/koalaman/shellcheck/releases/download/v0.11.0/shellcheck-v0.11.0.zip"
url_api = "https://api.github.com/repos/koalaman/shellcheck/releases/assets/279056944"

[[tools.shfmt]]
version = "3.13.1"
backend = "aqua:mvdan/sh"

[tools.shfmt."platforms.linux-arm64"]
checksum = "sha256:32d92acaa5cd8abb29fc49dac123dc412442d5713967819d8af2c29f1b3857c7"
url = "https://github.com/mvdan/sh/releases/download/v3.13.1/shfmt_v3.13.1_linux_arm64"
url_api = "https://api.github.com/repos/mvdan/sh/releases/assets/390322859"

[tools.shfmt."platforms.linux-arm64-musl"]
checksum = "sha256:32d92acaa5cd8abb29fc49dac123dc412442d5713967819d8af2c29f1b3857c7"
url = "https://github.com/mvdan/sh/releases/download/v3.13.1/shfmt_v3.13.1_linux_arm64"
url_api = "https://api.github.com/repos/mvdan/sh/releases/assets/390322859"

[tools.shfmt."platforms.linux-x64"]
checksum = "sha256:fb096c5d1ac6beabbdbaa2874d025badb03ee07929f0c9ff67563ce8c75398b1"
url = "https://github.com/mvdan/sh/releases/download/v3.13.1/shfmt_v3.13.1_linux_amd64"
url_api = "https://api.github.com/repos/mvdan/sh/releases/assets/390322866"

[tools.shfmt."platforms.linux-x64-musl"]
checksum = "sha256:fb096c5d1ac6beabbdbaa2874d025badb03ee07929f0c9ff67563ce8c75398b1"
url = "https://github.com/mvdan/sh/releases/download/v3.13.1/shfmt_v3.13.1_linux_amd64"
url_api = "https://api.github.com/repos/mvdan/sh/releases/assets/390322866"

[tools.shfmt."platforms.macos-arm64"]
checksum = "sha256:9680526be4a66ea1ffe988ed08af58e1400fe1e4f4aef5bd88b20bb9b3da33f8"
url = "https://github.com/mvdan/sh/releases/download/v3.13.1/shfmt_v3.13.1_darwin_arm64"
url_api = "https://api.github.com/repos/mvdan/sh/releases/assets/390322881"

[tools.shfmt."platforms.macos-x64"]
checksum = "sha256:6feedafc72915794163114f512348e2437d080d0047ef8b8fa2ec63b575f12af"
url = "https://github.com/mvdan/sh/releases/download/v3.13.1/shfmt_v3.13.1_darwin_amd64"
url_api = "https://api.github.com/repos/mvdan/sh/releases/assets/390322886"

[tools.shfmt."platforms.windows-x64"]
checksum = "sha256:60cd368533d0ad73fa86d93d5bbf95ef40587245ce684ed138c1b31557b5fe97"
url = "https://github.com/mvdan/sh/releases/download/v3.13.1/shfmt_v3.13.1_windows_amd64.exe"
url_api = "https://api.github.com/repos/mvdan/sh/releases/assets/390322844"

[[tools.staticcheck]]
version = "2026.2.1"
backend = "aqua:dominikh/go-tools/staticcheck"

[tools.staticcheck."platforms.linux-arm64"]
checksum = "sha256:594421f28ba620ea14b98377cb84a309cf73cc420ba0f52f30c7fa4d92fd2b0e"
url = "https://github.com/dominikh/go-tools/releases/download/2026.2.1/staticcheck_linux_arm64.tar.gz"
url_api = "https://api.github.com/repos/dominikh/go-tools/releases/assets/524230775"

[tools.staticcheck."platforms.linux-arm64-musl"]
checksum = "sha256:594421f28ba620ea14b98377cb84a309cf73cc420ba0f52f30c7fa4d92fd2b0e"
url = "https://github.com/dominikh/go-tools/releases/download/2026.2.1/staticcheck_linux_arm64.tar.gz"
url_api = "https://api.github.com/repos/dominikh/go-tools/releases/assets/524230775"

[tools.staticcheck."platforms.linux-x64"]
checksum = "sha256:91186205a78db3f2d40efb3c102749aef66f85c2204793de7488d163b655aa7c"
url = "https://github.com/dominikh/go-tools/releases/download/2026.2.1/staticcheck_linux_amd64.tar.gz"
url_api = "https://api.github.com/repos/dominikh/go-tools/releases/assets/524230032"

[tools.staticcheck."platforms.linux-x64-musl"]
checksum = "sha256:91186205a78db3f2d40efb3c102749aef66f85c2204793de7488d163b655aa7c"
url = "https://github.com/dominikh/go-tools/releases/download/2026.2.1/staticcheck_linux_amd64.tar.gz"
url_api = "https://api.github.com/repos/dominikh/go-tools/releases/assets/524230032"

[tools.staticcheck."platforms.macos-arm64"]
checksum = "sha256:06db0a00e5d44d0d60bc99dab10e1bd49103531054d560af658775450a25f72c"
url = "https://github.com/dominikh/go-tools/releases/download/2026.2.1/staticcheck_darwin_arm64.tar.gz"
url_api = "https://api.github.com/repos/dominikh/go-tools/releases/assets/524227332"

[tools.staticcheck."platforms.macos-x64"]
checksum = "sha256:a581a26261c9554a9a9450e0de2d0cfd93a7babd4de98cc9ea556444015216f4"
url = "https://github.com/dominikh/go-tools/releases/download/2026.2.1/staticcheck_darwin_amd64.tar.gz"
url_api = "https://api.github.com/repos/dominikh/go-tools/releases/assets/524226842"

[tools.staticcheck."platforms.windows-x64"]
checksum = "sha256:c111b68123d4fb738d09184d8dae37211488431259150c658a4b80d7ef3c1c2c"
url = "https://github.com/dominikh/go-tools/releases/download/2026.2.1/staticcheck_windows_amd64.tar.gz"
url_api = "https://api.github.com/repos/dominikh/go-tools/releases/assets/524233774"

[[tools.syft]]
version = "1.51.0"
backend = "aqua:anchore/syft"

[tools.syft."platforms.linux-arm64"]
checksum = "sha256:6c0466811541ea03add5213a60a1562f0851e4c0b0ecfdee1a694a9455285900"
url = "https://github.com/anchore/syft/releases/download/v1.51.0/syft_1.51.0_linux_arm64.tar.gz"
url_api = "https://api.github.com/repos/anchore/syft/releases/assets/508878652"

[tools.syft."platforms.linux-arm64-musl"]
checksum = "sha256:6c0466811541ea03add5213a60a1562f0851e4c0b0ecfdee1a694a9455285900"
url = "https://github.com/anchore/syft/releases/download/v1.51.0/syft_1.51.0_linux_arm64.tar.gz"
url_api = "https://api.github.com/repos/anchore/syft/releases/assets/508878652"

[tools.syft."platforms.linux-x64"]
checksum = "sha256:2a2e837a2c8d59ec9af5472ee22d3b04ee463c4e44476ecf993fd1e5ab6ebc7f"
url = "https://github.com/anchore/syft/releases/download/v1.51.0/syft_1.51.0_linux_amd64.tar.gz"
url_api = "https://api.github.com/repos/anchore/syft/releases/assets/508878656"

[tools.syft."platforms.linux-x64-musl"]
checksum = "sha256:2a2e837a2c8d59ec9af5472ee22d3b04ee463c4e44476ecf993fd1e5ab6ebc7f"
url = "https://github.com/anchore/syft/releases/download/v1.51.0/syft_1.51.0_linux_amd64.tar.gz"
url_api = "https://api.github.com/repos/anchore/syft/releases/assets/508878656"

[tools.syft."platforms.macos-arm64"]
checksum = "sha256:4f37f4c7fefce0a68e4cf71ba3f5f9829a99e65d89b29f7ee41b8c2c10ea8c59"
url = "https://github.com/anchore/syft/releases/download/v1.51.0/syft_1.51.0_darwin_arm64.tar.gz"
url_api = "https://api.github.com/repos/anchore/syft/releases/assets/508878653"

[tools.syft."platforms.macos-x64"]
checksum = "sha256:cddf9a044145caf0a1a3194d00d1dd51a1666f4814f2919cdb4768a0c062ad95"
url = "https://github.com/anchore/syft/releases/download/v1.51.0/syft_1.51.0_darwin_amd64.tar.gz"
url_api = "https://api.github.com/repos/anchore/syft/releases/assets/508878649"

[tools.syft."platforms.windows-x64"]
checksum = "sha256:fc5ffaeffb993576ece9c791da5a688fb2c8969a1479bbfe58583672c64da336"
url = "https://github.com/anchore/syft/releases/download/v1.51.0/syft_1.51.0_windows_amd64.zip"
url_api = "https://api.github.com/repos/anchore/syft/releases/assets/508878657"

[[tools.yamlfmt]]
version = "0.21.0"
backend = "aqua:google/yamlfmt"

[tools.yamlfmt."platforms.linux-arm64"]
checksum = "sha256:5b2689c963b177271330c5ce8ca7396751107e5a826be46f03d2cb9b6f0c7784"
url = "https://github.com/google/yamlfmt/releases/download/v0.21.0/yamlfmt_0.21.0_Linux_arm64.tar.gz"
url_api = "https://api.github.com/repos/google/yamlfmt/releases/assets/336650208"

[tools.yamlfmt."platforms.linux-arm64-musl"]
checksum = "sha256:5b2689c963b177271330c5ce8ca7396751107e5a826be46f03d2cb9b6f0c7784"
url = "https://github.com/google/yamlfmt/releases/download/v0.21.0/yamlfmt_0.21.0_Linux_arm64.tar.gz"
url_api = "https://api.github.com/repos/google/yamlfmt/releases/assets/336650208"

[tools.yamlfmt."platforms.linux-x64"]
checksum = "sha256:1f300d9257b232bb3b541d7fb1b0e6b3c121bcbab381c86cd38cb8722be8a566"
url = "https://github.com/google/yamlfmt/releases/download/v0.21.0/yamlfmt_0.21.0_Linux_x86_64.tar.gz"
url_api = "https://api.github.com/repos/google/yamlfmt/releases/assets/336650203"

[tools.yamlfmt."platforms.linux-x64-musl"]
checksum = "sha256:1f300d9257b232bb3b541d7fb1b0e6b3c121bcbab381c86cd38cb8722be8a566"
url = "https://github.com/google/yamlfmt/releases/download/v0.21.0/yamlfmt_0.21.0_Linux_x86_64.tar.gz"
url_api = "https://api.github.com/repos/google/yamlfmt/releases/assets/336650203"

[tools.yamlfmt."platforms.macos-arm64"]
checksum = "sha256:4b417ecb94339d57e4c122ecc948c1a00fe328b5853266de9806e652a92858fa"
url = "https://github.com/google/yamlfmt/releases/download/v0.21.0/yamlfmt_0.21.0_Darwin_arm64.tar.gz"
url_api = "https://api.github.com/repos/google/yamlfmt/releases/assets/336650209"

[tools.yamlfmt."platforms.macos-x64"]
checksum = "sha256:060e943bcb8583c456810eb1ff4721b4f46c4a0c1a4432449d5dc3bbfe29a22b"
url = "https://github.com/google/yamlfmt/releases/download/v0.21.0/yamlfmt_0.21.0_Darwin_x86_64.tar.gz"
url_api = "https://api.github.com/repos/google/yamlfmt/releases/assets/336650207"

[tools.yamlfmt."platforms.windows-x64"]
checksum = "sha256:07f80ce5d741eb4b0a9380ac78a19c7cb5bd44e2a9a47a5a04839e3ba54dd463"
url = "https://github.com/google/yamlfmt/releases/download/v0.21.0/yamlfmt_0.21.0_Windows_x86_64.tar.gz"
url_api = "https://api.github.com/repos/google/yamlfmt/releases/assets/336650206"

[[tools.yamllint]]
version = "1.38.0"
backend = "pipx:yamllint"
