# @generated - this file is auto-generated by `mise lock` https://mise.jdx.dev/dev-tools/mise-lock.html

[[tools.actionlint]]
version = "1.7.12"
backend = "aqua:rhysd/actionlint"

[tools.actionlint."platforms.linux-arm64"]
checksum = "sha256:325e971b6ba9bfa504672e29be93c24981eeb1c07576d730e9f7c8805afff0c6"
url = "https://github.com/rhysd/actionlint/releases/download/v1.7.12/actionlint_1.7.12_linux_arm64.tar.gz"
url_api = "https://api.github.com/repos/rhysd/actionlint/releases/assets/384924897"
provenance = "github-attestations"

[tools.actionlint."platforms.linux-arm64-musl"]
checksum = "sha256:325e971b6ba9bfa504672e29be93c24981eeb1c07576d730e9f7c8805afff0c6"
url = "https://github.com/rhysd/actionlint/releases/download/v1.7.12/actionlint_1.7.12_linux_arm64.tar.gz"
url_api = "https://api.github.com/repos/rhysd/actionlint/releases/assets/384924897"
provenance = "github-attestations"

[tools.actionlint."platforms.linux-x64"]
checksum = "sha256:8aca8db96f1b94770f1b0d72b6dddcb1ebb8123cb3712530b08cc387b349a3d8"
url = "https://github.com/rhysd/actionlint/releases/download/v1.7.12/actionlint_1.7.12_linux_amd64.tar.gz"
url_api = "https://api.github.com/repos/rhysd/actionlint/releases/assets/384924896"
provenance = "github-attestations"

[tools.actionlint."platforms.linux-x64-musl"]
checksum = "sha256:8aca8db96f1b94770f1b0d72b6dddcb1ebb8123cb3712530b08cc387b349a3d8"
url = "https://github.com/rhysd/actionlint/releases/download/v1.7.12/actionlint_1.7.12_linux_amd64.tar.gz"
url_api = "https://api.github.com/repos/rhysd/actionlint/releases/assets/384924896"
provenance = "github-attestations"

[tools.actionlint."platforms.macos-arm64"]
checksum = "sha256:aba9ced2dee8d27fecca3dc7feb1a7f9a52caefa1eb46f3271ea66b6e0e6953f"
url = "https://github.com/rhysd/actionlint/releases/download/v1.7.12/actionlint_1.7.12_darwin_arm64.tar.gz"
url_api = "https://api.github.com/repos/rhysd/actionlint/releases/assets/384924893"
provenance = "github-attestations"

[tools.actionlint."platforms.macos-x64"]
checksum = "sha256:5b44c3bc2255115c9b69e30efc0fecdf498fdb63c5d58e17084fd5f16324c644"
url = "https://github.com/rhysd/actionlint/releases/download/v1.7.12/actionlint_1.7.12_darwin_amd64.tar.gz"
url_api = "https://api.github.com/repos/rhysd/actionlint/releases/assets/384924880"
provenance = "github-attestations"

[tools.actionlint."platforms.windows-x64"]
checksum = "sha256:6e7241b51e6817ea6a047693d8e6fed13b31819c9a0dd6c5a726e1592d22f6e9"
url = "https://github.com/rhysd/actionlint/releases/download/v1.7.12/actionlint_1.7.12_windows_amd64.zip"
url_api = "https://api.github.com/repos/rhysd/actionlint/releases/assets/384924919"
provenance = "github-attestations"

[[tools."aqua:securego/gosec"]]
version = "2.28.0"
backend = "aqua:securego/gosec"

[tools."aqua:securego/gosec"."platforms.linux-arm64"]
checksum = "sha256:63259681b6e4b9e7a24d4e187b485e75d3844d28d512b0c97dc831e51d374720"
url = "https://github.com/securego/gosec/releases/download/v2.28.0/gosec_2.28.0_linux_arm64.tar.gz"
url_api = "https://api.github.com/repos/securego/gosec/releases/assets/476623278"

[tools."aqua:securego/gosec"."platforms.linux-arm64-musl"]
checksum = "sha256:63259681b6e4b9e7a24d4e187b485e75d3844d28d512b0c97dc831e51d374720"
url = "https://github.com/securego/gosec/releases/download/v2.28.0/gosec_2.28.0_linux_arm64.tar.gz"
url_api = "https://api.github.com/repos/securego/gosec/releases/assets/476623278"

[tools."aqua:securego/gosec"."platforms.linux-x64"]
checksum = "sha256:d7882e505b1ff345d458bf0e893eec8019bc849f861ad73a212869540dd505ff"
url = "https://github.com/securego/gosec/releases/download/v2.28.0/gosec_2.28.0_linux_amd64.tar.gz"
url_api = "https://api.github.com/repos/securego/gosec/releases/assets/476623275"

[tools."aqua:securego/gosec"."platforms.linux-x64-musl"]
checksum = "sha256:d7882e505b1ff345d458bf0e893eec8019bc849f861ad73a212869540dd505ff"
url = "https://github.com/securego/gosec/releases/download/v2.28.0/gosec_2.28.0_linux_amd64.tar.gz"
url_api = "https://api.github.com/repos/securego/gosec/releases/assets/476623275"

[tools."aqua:securego/gosec"."platforms.macos-arm64"]
checksum = "sha256:6c4993a0ab5e3007d66c87cbcb4e3948f8000971f8eeaf3ac269cbc87a603ba4"
url = "https://github.com/securego/gosec/releases/download/v2.28.0/gosec_2.28.0_darwin_arm64.tar.gz"
url_api = "https://api.github.com/repos/securego/gosec/releases/assets/476623280"

[tools."aqua:securego/gosec"."platforms.macos-x64"]
checksum = "sha256:ad23af3a6bfef8112a2da386acd61ede1374c8d022c06d8ef130ccf9748311d4"
url = "https://github.com/securego/gosec/releases/download/v2.28.0/gosec_2.28.0_darwin_amd64.tar.gz"
url_api = "https://api.github.com/repos/securego/gosec/releases/assets/476623279"

[tools."aqua:securego/gosec"."platforms.windows-x64"]
checksum = "sha256:12216d53e57b4dbe1ce77acd7422e338ae5e76eaafe37e9a845d309256b14729"
url = "https://github.com/securego/gosec/releases/download/v2.28.0/gosec_2.28.0_windows_amd64.tar.gz"
url_api = "https://api.github.com/repos/securego/gosec/releases/assets/476623232"

[[tools.checkov]]
version = "3.3.16"
backend = "aqua:bridgecrewio/checkov"

[tools.checkov."platforms.linux-arm64"]
checksum = "sha256:6de0dd6ae9189efb22b5affd637f5386873d8088cc3121c0cc433805d9c4c175"
url = "https://github.com/bridgecrewio/checkov/releases/download/3.3.16/checkov_linux_arm64.zip"
url_api = "https://api.github.com/repos/bridgecrewio/checkov/releases/assets/537164140"

[tools.checkov."platforms.linux-arm64-musl"]
checksum = "sha256:6de0dd6ae9189efb22b5affd637f5386873d8088cc3121c0cc433805d9c4c175"
url = "https://github.com/bridgecrewio/checkov/releases/download/3.3.16/checkov_linux_arm64.zip"
url_api = "https://api.github.com/repos/bridgecrewio/checkov/releases/assets/537164140"

[tools.checkov."platforms.linux-x64"]
checksum = "sha256:2c7b6cbe7a32d8463248ea8a9919410c9947a85ea56592a8bcc4b70f5d559601"
url = "https://github.com/bridgecrewio/checkov/releases/download/3.3.16/checkov_linux_X86_64.zip"
url_api = "https://api.github.com/repos/bridgecrewio/checkov/releases/assets/537163239"

[tools.checkov."platforms.linux-x64-musl"]
checksum = "sha256:2c7b6cbe7a32d8463248ea8a9919410c9947a85ea56592a8bcc4b70f5d559601"
url = "https://github.com/bridgecrewio/checkov/releases/download/3.3.16/checkov_linux_X86_64.zip"
url_api = "https://api.github.com/repos/bridgecrewio/checkov/releases/assets/537163239"

[tools.checkov."platforms.macos-arm64"]
checksum = "sha256:fd5f8c999baf2204660dd2ff6ce3718d9eeb8263b77596144f2792652ad55284"
url = "https://github.com/bridgecrewio/checkov/releases/download/3.3.16/checkov_darwin_X86_64.zip"
url_api = "https://api.github.com/repos/bridgecrewio/checkov/releases/assets/537163283"

[tools.checkov."platforms.macos-x64"]
checksum = "sha256:fd5f8c999baf2204660dd2ff6ce3718d9eeb8263b77596144f2792652ad55284"
url = "https://github.com/bridgecrewio/checkov/releases/download/3.3.16/checkov_darwin_X86_64.zip"
url_api = "https://api.github.com/repos/bridgecrewio/checkov/releases/assets/537163283"

[tools.checkov."platforms.windows-x64"]
checksum = "sha256:d1c7477b41329847e398d86279e2571e462454fc5e2318e280c4da21c9bab010"
url = "https://github.com/bridgecrewio/checkov/releases/download/3.3.16/checkov_windows_X86_64.zip"
url_api = "https://api.github.com/repos/bridgecrewio/checkov/releases/assets/537164782"

[[tools.cosign]]
version = "2.6.5"
backend = "aqua:sigstore/cosign"

[tools.cosign."platforms.linux-arm64"]
checksum = "sha256:426193b4c5da4d4d643e822f48fe0cc8a476ca1782a272704831f5a0cef716d7"
url = "https://github.com/sigstore/cosign/releases/download/v2.6.5/cosign-linux-arm64"
url_api = "https://api.github.com/repos/sigstore/cosign/releases/assets/503259219"

[tools.cosign."platforms.linux-arm64-musl"]
checksum = "sha256:426193b4c5da4d4d643e822f48fe0cc8a476ca1782a272704831f5a0cef716d7"
url = "https://github.com/sigstore/cosign/releases/download/v2.6.5/cosign-linux-arm64"
url_api = "https://api.github.com/repos/sigstore/cosign/releases/assets/503259219"

[tools.cosign."platforms.linux-x64"]
checksum = "sha256:c3b4f5410e608af03a5eb0aaac84a4313d8da131248e08ff1759ac70c79d1644"
url = "https://github.com/sigstore/cosign/releases/download/v2.6.5/cosign-linux-amd64"
url_api = "https://api.github.com/repos/sigstore/cosign/releases/assets/503259054"

[tools.cosign."platforms.linux-x64-musl"]
checksum = "sha256:c3b4f5410e608af03a5eb0aaac84a4313d8da131248e08ff1759ac70c79d1644"
url = "https://github.com/sigstore/cosign/releases/download/v2.6.5/cosign-linux-amd64"
url_api = "https://api.github.com/repos/sigstore/cosign/releases/assets/503259054"

[tools.cosign."platforms.macos-arm64"]
checksum = "sha256:4d41cc18f0563907c0c785b51db76e1d1af10db4422b605ba876b1758e1771ab"
url = "https://github.com/sigstore/cosign/releases/download/v2.6.5/cosign-darwin-arm64"
url_api = "https://api.github.com/repos/sigstore/cosign/releases/assets/503258807"

[tools.cosign."platforms.macos-x64"]
checksum = "sha256:0f8a1a70c81de9740a2b62e91307ff396ce54e7dd80568d42411bb2d9d44269c"
url = "https://github.com/sigstore/cosign/releases/download/v2.6.5/cosign-darwin-amd64"
url_api = "https://api.github.com/repos/sigstore/cosign/releases/assets/503258707"

[tools.cosign."platforms.windows-x64"]
checksum = "sha256:19ec346d0050f59ffad9694da97ef9704be34ec60ddc41c5f1d16d8619385825"
url = "https://github.com/sigstore/cosign/releases/download/v2.6.5/cosign-windows-amd64.exe"
url_api = "https://api.github.com/repos/sigstore/cosign/releases/assets/503258915"

[[tools."github:securego/gosec"]]
version = "2.29.0"
backend = "github:securego/gosec"

[tools."github:securego/gosec"."platforms.linux-arm64"]
checksum = "sha256:c71244ec8d37488fd479d0d26990968fee03ece48b305d8224ac0c1ebd66e87c"
url = "https://github.com/securego/gosec/releases/download/v2.29.0/gosec_2.29.0_linux_arm64.tar.gz"
url_api = "https://api.github.com/repos/securego/gosec/releases/assets/530520762"
provenance = "github-attestations"

[tools."github:securego/gosec"."platforms.linux-arm64-musl"]
checksum = "sha256:c71244ec8d37488fd479d0d26990968fee03ece48b305d8224ac0c1ebd66e87c"
url = "https://github.com/securego/gosec/releases/download/v2.29.0/gosec_2.29.0_linux_arm64.tar.gz"
url_api = "https://api.github.com/repos/securego/gosec/releases/assets/530520762"
provenance = "github-attestations"

[tools."github:securego/gosec"."platforms.linux-x64"]
checksum = "sha256:6431b119741c1f4a50fdfcf94e782e16b9e642afc8c7fa9b5d39d48bf3003095"
url = "https://github.com/securego/gosec/releases/download/v2.29.0/gosec_2.29.0_linux_amd64.tar.gz"
url_api = "https://api.github.com/repos/securego/gosec/releases/assets/530520801"
provenance = "github-attestations"
provenance_verified = true

[tools."github:securego/gosec"."platforms.linux-x64-musl"]
checksum = "sha256:6431b119741c1f4a50fdfcf94e782e16b9e642afc8c7fa9b5d39d48bf3003095"
url = "https://github.com/securego/gosec/releases/download/v2.29.0/gosec_2.29.0_linux_amd64.tar.gz"
url_api = "https://api.github.com/repos/securego/gosec/releases/assets/530520801"
provenance = "github-attestations"

[tools."github:securego/gosec"."platforms.macos-arm64"]
checksum = "sha256:7ab6a92c1983b7cb9df12b3ac20fb270afa43cfa12a143c354edae3109c763e5"
url = "https://github.com/securego/gosec/releases/download/v2.29.0/gosec_2.29.0_darwin_arm64.tar.gz"
url_api = "https://api.github.com/repos/securego/gosec/releases/assets/530520761"
provenance = "github-attestations"

[tools."github:securego/gosec"."platforms.macos-x64"]
checksum = "sha256:a48152c3c009988f1750b6508316339c8b55076d24b1a958789e30ea2a21794c"
url = "https://github.com/securego/gosec/releases/download/v2.29.0/gosec_2.29.0_darwin_amd64.tar.gz"
url_api = "https://api.github.com/repos/securego/gosec/releases/assets/530520763"
provenance = "github-attestations"

[tools."github:securego/gosec"."platforms.windows-x64"]
checksum = "sha256:67cd5ca3a80280b27102a8d6482e7124e8a47bda240412a0fcd1bb7f1be96faf"
url = "https://github.com/securego/gosec/releases/download/v2.29.0/gosec_2.29.0_windows_amd64.tar.gz"
url_api = "https://api.github.com/repos/securego/gosec/releases/assets/530520799"
provenance = "github-attestations"

[[tools.go]]
version = "1.27.1"
backend = "core:go"

[tools.go."platforms.linux-arm64"]
checksum = "sha256:3450b45a3f9ee8568792736a5c5e70a1f2e9b36c35a8f74958c03e51d7d92bec"
url = "https://dl.google.com/go/go1.27.1.linux-arm64.tar.gz"

[tools.go."platforms.linux-arm64-musl"]
checksum = "sha256:3450b45a3f9ee8568792736a5c5e70a1f2e9b36c35a8f74958c03e51d7d92bec"
url = "https://dl.google.com/go/go1.27.1.linux-arm64.tar.gz"

[tools.go."platforms.linux-x64"]
checksum = "sha256:63d339f0da5ab53635a56f2490a7984dfe12dfcff22ad749f63edaf590168445"
url = "https://dl.google.com/go/go1.27.1.linux-amd64.tar.gz"

[tools.go."platforms.linux-x64-musl"]
checksum = "sha256:63d339f0da5ab53635a56f2490a7984dfe12dfcff22ad749f63edaf590168445"
url = "https://dl.google.com/go/go1.27.1.linux-amd64.tar.gz"

[tools.go."platforms.macos-arm64"]
checksum = "sha256:ee215d57e0ec269c60cc9ceca68e6bda321ba9ee5afe24f4b0988703c2d87d12"
url = "https://dl.google.com/go/go1.27.1.darwin-arm64.tar.gz"

[tools.go."platforms.macos-x64"]
checksum = "sha256:8f8f52c6649542cf027bbc9b9c68d1ec042f9f34808a40413f0b8b3f66f3caa4"
url = "https://dl.google.com/go/go1.27.1.darwin-amd64.tar.gz"

[tools.go."platforms.windows-x64"]
checksum = "sha256:a3911b5e0e1b1053f25ed0675f4c1c6aad1e2bfcf253df2b9be4caabd2edd95d"
url = "https://dl.google.com/go/go1.27.1.windows-amd64.zip"

[[tools."go:golang.org/x/tools/cmd/goimports"]]
version = "0.49.0"
backend = "go:golang.org/x/tools/cmd/goimports"

[[tools."go:golang.org/x/vuln/cmd/govulncheck"]]
version = "1.7.0"
backend = "go:golang.org/x/vuln/cmd/govulncheck"

[[tools.golangci-lint]]
version = "2.13.2"
backend = "aqua:golangci/golangci-lint"

[tools.golangci-lint."platforms.linux-arm64"]
checksum = "sha256:a2a4e0065aa41be71f7c5ac90f271b61751331e5d04314e62afe4027855f0893"
url = "https://github.com/golangci/golangci-lint/releases/download/v2.13.2/golangci-lint-2.13.2-linux-arm64.tar.gz"
url_api = "https://api.github.com/repos/golangci/golangci-lint/releases/assets/532995442"
provenance = "github-attestations"

[tools.golangci-lint."platforms.linux-arm64-musl"]
checksum = "sha256:a2a4e0065aa41be71f7c5ac90f271b61751331e5d04314e62afe4027855f0893"
url = "https://github.com/golangci/golangci-lint/releases/download/v2.13.2/golangci-lint-2.13.2-linux-arm64.tar.gz"
url_api = "https://api.github.com/repos/golangci/golangci-lint/releases/assets/532995442"
provenance = "github-attestations"

[tools.golangci-lint."platforms.linux-x64"]
checksum = "sha256:2277d43b98ec0054280f2ac26b53268bae97682444678a59a657dd565da021d6"
url = "https://github.com/golangci/golangci-lint/releases/download/v2.13.2/golangci-lint-2.13.2-linux-amd64.tar.gz"
url_api = "https://api.github.com/repos/golangci/golangci-lint/releases/assets/532995333"
provenance = "github-attestations"

[tools.golangci-lint."platforms.linux-x64-musl"]
checksum = "sha256:2277d43b98ec0054280f2ac26b53268bae97682444678a59a657dd565da021d6"
url = "https://github.com/golangci/golangci-lint/releases/download/v2.13.2/golangci-lint-2.13.2-linux-amd64.tar.gz"
url_api = "https://api.github.com/repos/golangci/golangci-lint/releases/assets/532995333"
provenance = "github-attestations"

[tools.golangci-lint."platforms.macos-arm64"]
checksum = "sha256:f4bf83f0b64f055c42b28fc9a38861839f69c096e61c788e72dfaae412011789"
url = "https://github.com/golangci/golangci-lint/releases/download/v2.13.2/golangci-lint-2.13.2-darwin-arm64.tar.gz"
url_api = "https://api.github.com/repos/golangci/golangci-lint/releases/assets/532995398"
provenance = "github-attestations"

[tools.golangci-lint."platforms.macos-x64"]
checksum = "sha256:8a13aaf9cbbb1dee52824e862cf0d0720e5bb97c1f4260d1e51623a09492b57b"
url = "https://github.com/golangci/golangci-lint/releases/download/v2.13.2/golangci-lint-2.13.2-darwin-amd64.tar.gz"
url_api = "https://api.github.com/repos/golangci/golangci-lint/releases/assets/532995222"
provenance = "github-attestations"

[tools.golangci-lint."platforms.windows-x64"]
checksum = "sha256:4735fdc8e84a0cfb7a15a1c364a650942f88215e0d36c674ebc4024f7b554524"
url = "https://github.com/golangci/golangci-lint/releases/download/v2.13.2/golangci-lint-2.13.2-windows-amd64.zip"
url_api = "https://api.github.com/repos/golangci/golangci-lint/releases/assets/532995335"
provenance = "github-attestations"

[[tools.goreleaser]]
version = "2.18.0"
backend = "aqua:goreleaser/goreleaser"

[tools.goreleaser."platforms.linux-arm64"]
checksum = "sha256:1975566c9668e6f4247e6bb57656f21da13635c24d948ef47b1232e5c864a35b"
url = "https://github.com/goreleaser/goreleaser/releases/download/v2.18.0/goreleaser_Linux_arm64.tar.gz"
url_api = "https://api.github.com/repos/goreleaser/goreleaser/releases/assets/526873789"
provenance = "github-attestations"

[tools.goreleaser."platforms.linux-arm64-musl"]
checksum = "sha256:1975566c9668e6f4247e6bb57656f21da13635c24d948ef47b1232e5c864a35b"
url = "https://github.com/goreleaser/goreleaser/releases/download/v2.18.0/goreleaser_Linux_arm64.tar.gz"
url_api = "https://api.github.com/repos/goreleaser/goreleaser/releases/assets/526873789"
provenance = "github-attestations"

[tools.goreleaser."platforms.linux-x64"]
checksum = "sha256:41cdf49b653784b03a08013dd99e382cd5d463049e915c2d818eaed182ae6197"
url = "https://github.com/goreleaser/goreleaser/releases/download/v2.18.0/goreleaser_Linux_x86_64.tar.gz"
url_api = "https://api.github.com/repos/goreleaser/goreleaser/releases/assets/526873785"
provenance = "github-attestations"

[tools.goreleaser."platforms.linux-x64-musl"]
checksum = "sha256:41cdf49b653784b03a08013dd99e382cd5d463049e915c2d818eaed182ae6197"
url = "https://github.com/goreleaser/goreleaser/releases/download/v2.18.0/goreleaser_Linux_x86_64.tar.gz"
url_api = "https://api.github.com/repos/goreleaser/goreleaser/releases/assets/526873785"
provenance = "github-attestations"

[tools.goreleaser."platforms.macos-arm64"]
checksum = "sha256:285abb188274f3eebffb97fcd17a7d25f109fe33e234597c393e78e869386d5c"
url = "https://github.com/goreleaser/goreleaser/releases/download/v2.18.0/goreleaser_Darwin_all.tar.gz"
url_api = "https://api.github.com/repos/goreleaser/goreleaser/releases/assets/526873866"
provenance = "github-attestations"

[tools.goreleaser."platforms.macos-x64"]
checksum = "sha256:285abb188274f3eebffb97fcd17a7d25f109fe33e234597c393e78e869386d5c"
url = "https://github.com/goreleaser/goreleaser/releases/download/v2.18.0/goreleaser_Darwin_all.tar.gz"
url_api = "https://api.github.com/repos/goreleaser/goreleaser/releases/assets/526873866"
provenance = "github-attestations"

[tools.goreleaser."platforms.windows-x64"]
checksum = "sha256:cbd0aeab833806b6c07e2d156c2c9baaffa6e3d1fb870071bf3efc9d9e5b4777"
url = "https://github.com/goreleaser/goreleaser/releases/download/v2.18.0/goreleaser_Windows_x86_64.zip"
url_api = "https://api.github.com/repos/goreleaser/goreleaser/releases/assets/526873786"
provenance = "github-attestations"

[[tools.just]]
version = "1.58.0"
backend = "aqua:casey/just"

[tools.just."platforms.linux-arm64"]
checksum = "sha256:748237128c4c40cbdabc65e841d05ceba13cc23a91eaba395495894c1d9764df"
url = "https://github.com/casey/just/releases/download/1.58.0/just-1.58.0-aarch64-unknown-linux-musl.tar.gz"
url_api = "https://api.github.com/repos/casey/just/releases/assets/500510099"

[tools.just."platforms.linux-arm64-musl"]
checksum = "sha256:748237128c4c40cbdabc65e841d05ceba13cc23a91eaba395495894c1d9764df"
url = "https://github.com/casey/just/releases/download/1.58.0/just-1.58.0-aarch64-unknown-linux-musl.tar.gz"
url_api = "https://api.github.com/repos/casey/just/releases/assets/500510099"

[tools.just."platforms.linux-x64"]
checksum = "sha256:4a5cc2f53e6f0f8c59092a6cc38291eb729d46a7dd95d3ae582008881b84931d"
url = "https://github.com/casey/just/releases/download/1.58.0/just-1.58.0-x86_64-unknown-linux-musl.tar.gz"
url_api = "https://api.github.com/repos/casey/just/releases/assets/500509978"

[tools.just."platforms.linux-x64-musl"]
checksum = "sha256:4a5cc2f53e6f0f8c59092a6cc38291eb729d46a7dd95d3ae582008881b84931d"
url = "https://github.com/casey/just/releases/download/1.58.0/just-1.58.0-x86_64-unknown-linux-musl.tar.gz"
url_api = "https://api.github.com/repos/casey/just/releases/assets/500509978"

[tools.just."platforms.macos-arm64"]
checksum = "sha256:50ae3e996c974a0bf32ea7d10f495070df33f1b43e0616b2769e3d4821ed8f48"
url = "https://github.com/casey/just/releases/download/1.58.0/just-1.58.0-aarch64-apple-darwin.tar.gz"
url_api = "https://api.github.com/repos/casey/just/releases/assets/500509965"

[tools.just."platforms.macos-x64"]
checksum = "sha256:9a09cfef66aaa79da58203970103a0684307716caaabd3e9844cacc4dc0f4023"
url = "https://github.com/casey/just/releases/download/1.58.0/just-1.58.0-x86_64-apple-darwin.tar.gz"
url_api = "https://api.github.com/repos/casey/just/releases/assets/500510084"

[tools.just."platforms.windows-x64"]
checksum = "sha256:759f16fb7aa17c5c8b9594b6d4a8c1a6630dfd042cf2b3ff84841454d3d188dc"
url = "https://github.com/casey/just/releases/download/1.58.0/just-1.58.0-x86_64-pc-windows-msvc.zip"
url_api = "https://api.github.com/repos/casey/just/releases/assets/500511374"

[[tools."npm:markdownlint-cli"]]
version = "0.49.1"
backend = "npm:markdownlint-cli"

[[tools.prek]]
version = "0.5.0"
backend = "aqua:j178/prek"

[tools.prek."platforms.linux-arm64"]
checksum = "sha256:c8748e2e33b3bcf43713842565c51fc56b49c00b570f30c5cfbb7af428bfa780"
url = "https://github.com/j178/prek/releases/download/v0.5.0/prek-aarch64-unknown-linux-gnu.tar.gz"
url_api = "https://api.github.com/repos/j178/prek/releases/assets/531708943"
provenance = "github-attestations"

[tools.prek."platforms.linux-arm64-musl"]
checksum = "sha256:6a48bc5de0b134e1ecbd469714bdf88fc83b7895529d59f95303e839241473c2"
url = "https://github.com/j178/prek/releases/download/v0.5.0/prek-aarch64-unknown-linux-musl.tar.gz"
url_api = "https://api.github.com/repos/j178/prek/releases/assets/531708946"
provenance = "github-attestations"

[tools.prek."platforms.linux-x64"]
checksum = "sha256:b9b97fec40013d096a3a4f3914b8d7d467758eab923917cb43302c0219600997"
url = "https://github.com/j178/prek/releases/download/v0.5.0/prek-x86_64-unknown-linux-gnu.tar.gz"
url_api = "https://api.github.com/repos/j178/prek/releases/assets/531708995"
provenance = "github-attestations"

[tools.prek."platforms.linux-x64-musl"]
checksum = "sha256:99531890378759c04d38a93804d502d7df8a5c4bfb24c3e98af3031e868b9ba1"
url = "https://github.com/j178/prek/releases/download/v0.5.0/prek-x86_64-unknown-linux-musl.tar.gz"
url_api = "https://api.github.com/repos/j178/prek/releases/assets/531709001"
provenance = "github-attestations"

[tools.prek."platforms.macos-arm64"]
checksum = "sha256:73947efd142420dc1ad2856d155385b3fd54b88ba8bb769187dc8b359cc94681"
url = "https://github.com/j178/prek/releases/download/v0.5.0/prek-aarch64-apple-darwin.tar.gz"
url_api = "https://api.github.com/repos/j178/prek/releases/assets/531708937"
provenance = "github-attestations"

[tools.prek."platforms.macos-x64"]
checksum = "sha256:da5cdb10ca7821ed15c888d2a9b2ae94a6d4f7eadf1bc735ac1f668dec40654e"
url = "https://github.com/j178/prek/releases/download/v0.5.0/prek-x86_64-apple-darwin.tar.gz"
url_api = "https://api.github.com/repos/j178/prek/releases/assets/531708989"
provenance = "github-attestations"

[tools.prek."platforms.windows-x64"]
checksum = "sha256:3b1704f9c44d2a5f29af84c18dc5529c2cefab75697bdfdf69074cced1c0533b"
url = "https://github.com/j178/prek/releases/download/v0.5.0/prek-x86_64-pc-windows-msvc.zip"
url_api = "https://api.github.com/repos/j178/prek/releases/assets/531708991"
provenance = "github-attestations"

[[tools.shellcheck]]
version = "0.11.0"
backend = "aqua:koalaman/shellcheck"

[tools.shellcheck."platforms.linux-arm64"]
checksum = "sha256:12b331c1d2db6b9eb13cfca64306b1b157a86eb69db83023e261eaa7e7c14588"
url = "https://github.com/koalaman/shellcheck/releases/download/v0.11.0/shellcheck-v0.11.0.linux.aarch64.tar.xz"
url_api = "https://api.github.com/repos/koalaman/shellcheck/releases/assets/279056934"

[tools.shellcheck."platforms.linux-arm64-musl"]
checksum = "sha256:12b331c1d2db6b9eb13cfca64306b1b157a86eb69db83023e261eaa7e7c14588"
url = "https://github.com/koalaman/shellcheck/releases/download/v0.11.0/shellcheck-v0.11.0.linux.aarch64.tar.xz"
url_api = "https://api.github.com/repos/koalaman/shellcheck/releases/assets/279056934"

[tools.shellcheck."platforms.linux-x64"]
checksum = "sha256:8c3be12b05d5c177a04c29e3c78ce89ac86f1595681cab149b65b97c4e227198"
url = "https://github.com/koalaman/shellcheck/releases/download/v0.11.0/shellcheck-v0.11.0.linux.x86_64.tar.xz"
url_api = "https://api.github.com/repos/koalaman/shellcheck/releases/assets/279056942"

[tools.shellcheck."platforms.linux-x64-musl"]
checksum = "sha256:8c3be12b05d5c177a04c29e3c78ce89ac86f1595681cab149b65b97c4e227198"
url = "https://github.com/koalaman/shellcheck/releases/download/v0.11.0/shellcheck-v0.11.0.linux.x86_64.tar.xz"
url_api = "https://api.github.com/repos/koalaman/shellcheck/releases/assets/279056942"

[tools.shellcheck."platforms.macos-arm64"]
checksum = "sha256:56affdd8de5527894dca6dc3d7e0a99a873b0f004d7aabc30ae407d3f48b0a79"
url = "https://github.com/koalaman/shellcheck/releases/download/v0.11.0/shellcheck-v0.11.0.darwin.aarch64.tar.xz"
url_api = "https://api.github.com/repos/koalaman/shellcheck/releases/assets/279056932"

[tools.shellcheck."platforms.macos-x64"]
checksum = "sha256:3c89db4edcab7cf1c27bff178882e0f6f27f7afdf54e859fa041fca10febe4c6"
url = "https://github.com/koalaman/shellcheck/releases/download/v0.11.0/shellcheck-v0.11.0.darwin.x86_64.tar.xz"
url_api = "https://api.github.com/repos/koalaman/shellcheck/releases/assets/279056930"

[tools.shellcheck."platforms.windows-x64"]
checksum = "sha256:8a4e35ab0b331c85d73567b12f2a444df187f483e5079ceffa6bda1faa2e740e"
url = "https://github.com/koalaman/shellcheck/releases/download/v0.11.0/shellcheck-v0.11.0.zip"
url_api = "https://api.github.com/repos/koalaman/shellcheck/releases/assets/279056944"

[[tools.shfmt]]
version = "3.14.0"
backend = "aqua:mvdan/sh"

[tools.shfmt."platforms.linux-arm64"]
checksum = "sha256:8029959a945b5c6f2bc92ce53fca5cf0384c811cc0884b25b196a093a005657a"
url = "https://github.com/mvdan/sh/releases/download/v3.14.0/shfmt_v3.14.0_linux_arm64"
url_api = "https://api.github.com/repos/mvdan/sh/releases/assets/534119958"

[tools.shfmt."platforms.linux-arm64-musl"]
checksum = "sha256:8029959a945b5c6f2bc92ce53fca5cf0384c811cc0884b25b196a093a005657a"
url = "https://github.com/mvdan/sh/releases/download/v3.14.0/shfmt_v3.14.0_linux_arm64"
url_api = "https://api.github.com/repos/mvdan/sh/releases/assets/534119958"

[tools.shfmt."platforms.linux-x64"]
checksum = "sha256:fe42021c7272ef2d67ea36cbc3031683c625d0badec733ef3a57b567246a0b66"
url = "https://github.com/mvdan/sh/releases/download/v3.14.0/shfmt_v3.14.0_linux_amd64"
url_api = "https://api.github.com/repos/mvdan/sh/releases/assets/534119985"

[tools.shfmt."platforms.linux-x64-musl"]
checksum = "sha256:fe42021c7272ef2d67ea36cbc3031683c625d0badec733ef3a57b567246a0b66"
url = "https://github.com/mvdan/sh/releases/download/v3.14.0/shfmt_v3.14.0_linux_amd64"
url_api = "https://api.github.com/repos/mvdan/sh/releases/assets/534119985"

[tools.shfmt."platforms.macos-arm64"]
checksum = "sha256:4710ba8074a74334069719d5b82f8cb97532e5623bfe43ef7cdb3442101b9cb2"
url = "https://github.com/mvdan/sh/releases/download/v3.14.0/shfmt_v3.14.0_darwin_arm64"
url_api = "https://api.github.com/repos/mvdan/sh/releases/assets/534120008"

[tools.shfmt."platforms.macos-x64"]
checksum = "sha256:74255a8087d74a79f5c1307db807e7efa8f062c429e3a05c075550392e0dcfa1"
url = "https://github.com/mvdan/sh/releases/download/v3.14.0/shfmt_v3.14.0_darwin_amd64"
url_api = "https://api.github.com/repos/mvdan/sh/releases/assets/534120026"

[tools.shfmt."platforms.windows-x64"]
checksum = "sha256:6738a3e155fbfec3bedc70962f9cd1610197587a43b5d7100f405239d8e11375"
url = "https://github.com/mvdan/sh/releases/download/v3.14.0/shfmt_v3.14.0_windows_amd64.exe"
url_api = "https://api.github.com/repos/mvdan/sh/releases/assets/534119909"

[[tools.staticcheck]]
version = "2026.2.1"
backend = "aqua:dominikh/go-tools/staticcheck"

[tools.staticcheck."platforms.linux-arm64"]
checksum = "sha256:594421f28ba620ea14b98377cb84a309cf73cc420ba0f52f30c7fa4d92fd2b0e"
url = "https://github.com/dominikh/go-tools/releases/download/2026.2.1/staticcheck_linux_arm64.tar.gz"
url_api = "https://api.github.com/repos/dominikh/go-tools/releases/assets/524230775"

[tools.staticcheck."platforms.linux-arm64-musl"]
checksum = "sha256:594421f28ba620ea14b98377cb84a309cf73cc420ba0f52f30c7fa4d92fd2b0e"
url = "https://github.com/dominikh/go-tools/releases/download/2026.2.1/staticcheck_linux_arm64.tar.gz"
url_api = "https://api.github.com/repos/dominikh/go-tools/releases/assets/524230775"

[tools.staticcheck."platforms.linux-x64"]
checksum = "sha256:91186205a78db3f2d40efb3c102749aef66f85c2204793de7488d163b655aa7c"
url = "https://github.com/dominikh/go-tools/releases/download/2026.2.1/staticcheck_linux_amd64.tar.gz"
url_api = "https://api.github.com/repos/dominikh/go-tools/releases/assets/524230032"

[tools.staticcheck."platforms.linux-x64-musl"]
checksum = "sha256:91186205a78db3f2d40efb3c102749aef66f85c2204793de7488d163b655aa7c"
url = "https://github.com/dominikh/go-tools/releases/download/2026.2.1/staticcheck_linux_amd64.tar.gz"
url_api = "https://api.github.com/repos/dominikh/go-tools/releases/assets/524230032"

[tools.staticcheck."platforms.macos-arm64"]
checksum = "sha256:06db0a00e5d44d0d60bc99dab10e1bd49103531054d560af658775450a25f72c"
url = "https://github.com/dominikh/go-tools/releases/download/2026.2.1/staticcheck_darwin_arm64.tar.gz"
url_api = "https://api.github.com/repos/dominikh/go-tools/releases/assets/524227332"

[tools.staticcheck."platforms.macos-x64"]
checksum = "sha256:a581a26261c9554a9a9450e0de2d0cfd93a7babd4de98cc9ea556444015216f4"
url = "https://github.com/dominikh/go-tools/releases/download/2026.2.1/staticcheck_darwin_amd64.tar.gz"
url_api = "https://api.github.com/repos/dominikh/go-tools/releases/assets/524226842"

[tools.staticcheck."platforms.windows-x64"]
checksum = "sha256:c111b68123d4fb738d09184d8dae37211488431259150c658a4b80d7ef3c1c2c"
url = "https://github.com/dominikh/go-tools/releases/download/2026.2.1/staticcheck_windows_amd64.tar.gz"
url_api = "https://api.github.com/repos/dominikh/go-tools/releases/assets/524233774"

[[tools.syft]]
version = "1.51.1"
backend = "aqua:anchore/syft"

[tools.syft."platforms.linux-arm64"]
checksum = "sha256:a7fd2b784e6664acd44719270574f6cd8c6864fc2b1700bf9099bd1cccda7d7f"
url = "https://github.com/anchore/syft/releases/download/v1.51.1/syft_1.51.1_linux_arm64.tar.gz"
url_api = "https://api.github.com/repos/anchore/syft/releases/assets/532610134"

[tools.syft."platforms.linux-arm64-musl"]
checksum = "sha256:a7fd2b784e6664acd44719270574f6cd8c6864fc2b1700bf9099bd1cccda7d7f"
url = "https://github.com/anchore/syft/releases/download/v1.51.1/syft_1.51.1_linux_arm64.tar.gz"
url_api = "https://api.github.com/repos/anchore/syft/releases/assets/532610134"

[tools.syft."platforms.linux-x64"]
checksum = "sha256:8fcb33017a0dc1058298c923c436d19dfa68ae93968e0b423248542e3afb9fc3"
url = "https://github.com/anchore/syft/releases/download/v1.51.1/syft_1.51.1_linux_amd64.tar.gz"
url_api = "https://api.github.com/repos/anchore/syft/releases/assets/532610151"

[tools.syft."platforms.linux-x64-musl"]
checksum = "sha256:8fcb33017a0dc1058298c923c436d19dfa68ae93968e0b423248542e3afb9fc3"
url = "https://github.com/anchore/syft/releases/download/v1.51.1/syft_1.51.1_linux_amd64.tar.gz"
url_api = "https://api.github.com/repos/anchore/syft/releases/assets/532610151"

[tools.syft."platforms.macos-arm64"]
checksum = "sha256:ac063af3b9874769deb7ea1e6d76841e68f9e3bb50cd654226fc977de65532c1"
url = "https://github.com/anchore/syft/releases/download/v1.51.1/syft_1.51.1_darwin_arm64.tar.gz"
url_api = "https://api.github.com/repos/anchore/syft/releases/assets/532610139"

[tools.syft."platforms.macos-x64"]
checksum = "sha256:0e186ce1d4351ec276126851ca3ff258ed070e93e73574ed64858d4fc2339867"
url = "https://github.com/anchore/syft/releases/download/v1.51.1/syft_1.51.1_darwin_amd64.tar.gz"
url_api = "https://api.github.com/repos/anchore/syft/releases/assets/532610142"

[tools.syft."platforms.windows-x64"]
checksum = "sha256:5e4bc3e6b6344b4625de0f7aa5351aaa72856d11d78462972de0a101ee2c1c8f"
url = "https://github.com/anchore/syft/releases/download/v1.51.1/syft_1.51.1_windows_amd64.zip"
url_api = "https://api.github.com/repos/anchore/syft/releases/assets/532610136"

[[tools.yamlfmt]]
version = "0.21.0"
backend = "aqua:google/yamlfmt"

[tools.yamlfmt."platforms.linux-arm64"]
checksum = "sha256:5b2689c963b177271330c5ce8ca7396751107e5a826be46f03d2cb9b6f0c7784"
url = "https://github.com/google/yamlfmt/releases/download/v0.21.0/yamlfmt_0.21.0_Linux_arm64.tar.gz"
url_api = "https://api.github.com/repos/google/yamlfmt/releases/assets/336650208"

[tools.yamlfmt."platforms.linux-arm64-musl"]
checksum = "sha256:5b2689c963b177271330c5ce8ca7396751107e5a826be46f03d2cb9b6f0c7784"
url = "https://github.com/google/yamlfmt/releases/download/v0.21.0/yamlfmt_0.21.0_Linux_arm64.tar.gz"
url_api = "https://api.github.com/repos/google/yamlfmt/releases/assets/336650208"

[tools.yamlfmt."platforms.linux-x64"]
checksum = "sha256:1f300d9257b232bb3b541d7fb1b0e6b3c121bcbab381c86cd38cb8722be8a566"
url = "https://github.com/google/yamlfmt/releases/download/v0.21.0/yamlfmt_0.21.0_Linux_x86_64.tar.gz"
url_api = "https://api.github.com/repos/google/yamlfmt/releases/assets/336650203"

[tools.yamlfmt."platforms.linux-x64-musl"]
checksum = "sha256:1f300d9257b232bb3b541d7fb1b0e6b3c121bcbab381c86cd38cb8722be8a566"
url = "https://github.com/google/yamlfmt/releases/download/v0.21.0/yamlfmt_0.21.0_Linux_x86_64.tar.gz"
url_api = "https://api.github.com/repos/google/yamlfmt/releases/assets/336650203"

[tools.yamlfmt."platforms.macos-arm64"]
checksum = "sha256:4b417ecb94339d57e4c122ecc948c1a00fe328b5853266de9806e652a92858fa"
url = "https://github.com/google/yamlfmt/releases/download/v0.21.0/yamlfmt_0.21.0_Darwin_arm64.tar.gz"
url_api = "https://api.github.com/repos/google/yamlfmt/releases/assets/336650209"

[tools.yamlfmt."platforms.macos-x64"]
checksum = "sha256:060e943bcb8583c456810eb1ff4721b4f46c4a0c1a4432449d5dc3bbfe29a22b"
url = "https://github.com/google/yamlfmt/releases/download/v0.21.0/yamlfmt_0.21.0_Darwin_x86_64.tar.gz"
url_api = "https://api.github.com/repos/google/yamlfmt/releases/assets/336650207"

[tools.yamlfmt."platforms.windows-x64"]
checksum = "sha256:07f80ce5d741eb4b0a9380ac78a19c7cb5bd44e2a9a47a5a04839e3ba54dd463"
url = "https://github.com/google/yamlfmt/releases/download/v0.21.0/yamlfmt_0.21.0_Windows_x86_64.tar.gz"
url_api = "https://api.github.com/repos/google/yamlfmt/releases/assets/336650206"

[[tools.yamllint]]
version = "1.38.0"
backend = "pipx:yamllint"
